
Microsoft Visual Studio Solution File, Format Version 12.00
# Visual Studio Version 17
VisualStudioVersion = 17.9.34728.123
MinimumVisualStudioVersion = 10.0.40219.1
Project("{9A19103F-16F7-4668-BE54-9A1E7A4F7556}") = "MarcosRosario_AP1_P2", "MarcosRosario_AP1_P2.csproj", "{4EE966A3-7276-4A24-A997-26DF7585EE60}"
EndProject
Global
	GlobalSection(SolutionConfigurationPlatforms) = preSolution
		Debug|Any CPU = Debug|Any CPU
		Release|Any CPU = Release|Any CPU
	EndGlobalSection
	GlobalSection(ProjectConfigurationPlatforms) = postSolution
		{4EE966A3-7276-4A24-A997-26DF7585EE60}.Debug|Any CPU.ActiveCfg = Debug|Any CPU
		{4EE966A3-7276-4A24-A997-26DF7585EE60}.Debug|Any CPU.Build.0 = Debug|Any CPU
		{4EE966A3-7276-4A24-A997-26DF7585EE60}.Release|Any CPU.ActiveCfg = Release|Any CPU
		{4EE966A3-7276-4A24-A997-26DF7585EE60}.Release|Any CPU.Build.0 = Release|Any CPU
	EndGlobalSection
	GlobalSection(SolutionProperties) = preSolution
		HideSolutionNode = FALSE
	EndGlobalSection
	GlobalSection(ExtensibilityGlobals) = postSolution
		SolutionGuid = {24E4EF2B-54E5-4A08-88C6-4DFE6D06CCF5}
	EndGlobalSection
EndGlobal
